// !$*UTF8*$!
{
	archiveVersion = 1;
	classes = {
	};
	objectVersion = 48;
	objects = {

/* Begin PBXGroup section */
		1AC3D0092015BD6200ED072F = {
			isa = PBXGroup;
			children = (
			);
			sourceTree = "<group>";
		};
/* End PBXGroup section */

/* Begin PBXProject section */
		1AC3D00A2015BD6200ED072F /* Project object */ = {
			isa = PBXProject;
			attributes = {
				LastUpgradeCheck = 0920;
			};
			buildConfigurationList = 1AC3D00D2015BD6200ED072F /* Build configuration list for PBXProject "librenderer-jsb" */;
			compatibilityVersion = "Xcode 8.0";
			developmentRegion = en;
			hasScannedForEncodings = 0;
			knownRegions = (
				en,
			);
			mainGroup = 1AC3D0092015BD6200ED072F;
			projectDirPath = "";
			projectRoot = "";
			targets = (
			);
		};
/* End PBXProject section */

/* Begin XCBuildConfiguration section */
		1AC3D00E2015BD6200ED072F /* Debug */ = {
			isa = XCBuildConfiguration;
			buildSettings = {
			};
			name = Debug;
		};
		1AC3D00F2015BD6200ED072F /* Release */ = {
			isa = XCBuildConfiguration;
			buildSettings = {
			};
			name = Release;
		};
/* End XCBuildConfiguration section */

/* Begin XCConfigurationList section */
		1AC3D00D2015BD6200ED072F /* Build configuration list for PBXProject "librenderer-jsb" */ = {
			isa = XCConfigurationList;
			buildConfigurations = (
				1AC3D00E2015BD6200ED072F /* Debug */,
				1AC3D00F2015BD6200ED072F /* Release */,
			);
			defaultConfigurationIsVisible = 0;
			defaultConfigurationName = Release;
		};
/* End XCConfigurationList section */
	};
	rootObject = 1AC3D00A2015BD6200ED072F /* Project object */;
}
